
Microsoft Visual Studio Solution File, Format Version 12.00
# Visual Studio Version 16
VisualStudioVersion = 16.0.31702.278
MinimumVisualStudioVersion = 10.0.40219.1
Project("{FAE04EC0-301F-11D3-BF4B-00C04F79EFBC}") = "RadiobuttonI", "RadiobuttonI\RadiobuttonI.csproj", "{1221D775-11B7-4E56-B4C8-803E0490FB09}"
EndProject
Global
	GlobalSection(SolutionConfigurationPlatforms) = preSolution
		Debug|Any CPU = Debug|Any CPU
		Release|Any CPU = Release|Any CPU
	EndGlobalSection
	GlobalSection(ProjectConfigurationPlatforms) = postSolution
		{1221D775-11B7-4E56-B4C8-803E0490FB09}.Debug|Any CPU.ActiveCfg = Debug|Any CPU
		{1221D775-11B7-4E56-B4C8-803E0490FB09}.Debug|Any CPU.Build.0 = Debug|Any CPU
		{1221D775-11B7-4E56-B4C8-803E0490FB09}.Release|Any CPU.ActiveCfg = Release|Any CPU
		{1221D775-11B7-4E56-B4C8-803E0490FB09}.Release|Any CPU.Build.0 = Release|Any CPU
	EndGlobalSection
	GlobalSection(SolutionProperties) = preSolution
		HideSolutionNode = FALSE
	EndGlobalSection
	GlobalSection(ExtensibilityGlobals) = postSolution
		SolutionGuid = {29CF3C57-C65B-4B80-B04B-FFFC689BCF69}
	EndGlobalSection
EndGlobal
